lockfileVersion: '9.0'

settings:
  autoInstallPeers: true
  excludeLinksFromLockfile: false

importers:

  .:
    dependencies:
      env-paths:
        specifier: ^3.0.0
        version: 3.0.0
      normalize-function-arguments:
        specifier: ^0.1.0
        version: 0.1.0

packages:

  env-paths@3.0.0:
    resolution: {integrity: sha512-dtJUTepzMW3Lm/NPxRf3wP4642UWhjL2sQxc+ym2YMj1m/H2zDNQOlezafzkHwn6sMstjHTwG6iQQsctDW/b1A==}
    engines: {node: ^12.20.0 || ^14.13.1 || >=16.0.0}

  loupe@3.2.1:
    resolution: {integrity: sha512-CdzqowRJCeLU72bHvWqwRBBlLcMEtIvGrlvef74kMnV2AolS9Y8xUv1I0U/MNAWMhBlKIoyuEgoJ0t/bbwHbLQ==}

  normalize-function-arguments@0.1.0:
    resolution: {integrity: sha512-ske8wWMhYLNV9rhnJKENJ4NEKzmIMzrX39UZpt5aVRsEBlK0ea3o046NtdC8yPbODaU6I3sQggTIPVw6zlBNhA==}

snapshots:

  env-paths@3.0.0: {}

  loupe@3.2.1: {}

  normalize-function-arguments@0.1.0:
    dependencies:
      loupe: 3.2.1
