lockfileVersion: '9.0'

settings:
  autoInstallPeers: true
  excludeLinksFromLockfile: false

importers:

  .:
    dependencies:
      cli-table3:
        specifier: github:loveencounterflow/cli-table3#82fc220
        version: https://codeload.github.com/loveencounterflow/cli-table3/tar.gz/82fc220e684758e90965b8a21e941d977e207064
      env-paths:
        specifier: ^3.0.0
        version: 3.0.0
      interlex:
        specifier: ^0.13.1
        version: 0.13.1
      normalize-function-arguments:
        specifier: github:loveencounterflow/normalize-function-arguments#v0.2.1
        version: https://codeload.github.com/loveencounterflow/normalize-function-arguments/tar.gz/9f908689d776ba2bfd8b4172a7a99f717ba1015f

packages:

  '@colors/colors@1.5.0':
    resolution: {integrity: sha512-ooWCrlZP11i8GImSjTHYHLkvFDP48nS4+204nGb1RiX/WXYHmJA2III9/e2DWVabCESdW7hBAEzHRqUn9OUVvQ==}
    engines: {node: '>=0.1.90'}

  ansi-regex@5.0.1:
    resolution: {integrity: sha512-quJQXlTSUGL2LH9SUXo8VwsY4soanhgo6LNSm84E1LBcE8s3O0wpdiRzyR9z/ZZJMlMWv37qOOb9pdJlMUEKFQ==}
    engines: {node: '>=8'}

  bricabrac-sfmodules@0.18.0:
    resolution: {integrity: sha512-rajGfQDa9hlEubD5ctV1D88UJN5d/xb4Cd2xDzYsqlzWeGVqV3mkQyAcA5S+mh7eK+jqt/i5+4xmwjjD32jq5A==}

  cleartype@0.0.7:
    resolution: {integrity: sha512-RoPd7mvyF4K4BiWktnNhPUkIdVE0RoRmpkga3JJpc4TWkPFdy1gcU41gCog2Ot/PPzQWAPFXtcqC1316fAAuZg==}

  cli-table3@https://codeload.github.com/loveencounterflow/cli-table3/tar.gz/82fc220e684758e90965b8a21e941d977e207064:
    resolution: {tarball: https://codeload.github.com/loveencounterflow/cli-table3/tar.gz/82fc220e684758e90965b8a21e941d977e207064}
    version: 0.6.5
    engines: {node: 10.* || >= 12.*}

  emoji-regex@8.0.0:
    resolution: {integrity: sha512-MSjYzcWNOA0ewAHpz0MxpYFvwg6yjy1NG3xteoqz644VCo/RPgnr1/GGt+ic3iJTzQ8Eu3TdM14SawnVUmGE6A==}

  env-paths@3.0.0:
    resolution: {integrity: sha512-dtJUTepzMW3Lm/NPxRf3wP4642UWhjL2sQxc+ym2YMj1m/H2zDNQOlezafzkHwn6sMstjHTwG6iQQsctDW/b1A==}
    engines: {node: ^12.20.0 || ^14.13.1 || >=16.0.0}

  interlex@0.13.1:
    resolution: {integrity: sha512-k/0Mawu5l6hhFXsQMs8GHXisDZ5DBMo81bIlgsoVVmH69aUu2Pgyp1LNHkweEJh9qJRiH6qkikLC+Sd3xKKTuw==}

  is-fullwidth-code-point@3.0.0:
    resolution: {integrity: sha512-zymm5+u+sCsSWyD9qNaejV3DFvhCKclKdizYaJUuHA83RLjb7nSuGnddCHGv0hk+KY7BMAlsWeK4Ueg6EV6XQg==}
    engines: {node: '>=8'}

  loupe@3.2.1:
    resolution: {integrity: sha512-CdzqowRJCeLU72bHvWqwRBBlLcMEtIvGrlvef74kMnV2AolS9Y8xUv1I0U/MNAWMhBlKIoyuEgoJ0t/bbwHbLQ==}

  normalize-function-arguments@0.0.11:
    resolution: {integrity: sha512-0YF49+WVwATNqQqzl42tAb3dwb4a++grXqIOnvF9H/Tf+xhRZ14pSVbyCHlznaMk4lRfxFTkNUKgZJZ7Wa4ADw==}

  normalize-function-arguments@0.1.0:
    resolution: {integrity: sha512-ske8wWMhYLNV9rhnJKENJ4NEKzmIMzrX39UZpt5aVRsEBlK0ea3o046NtdC8yPbODaU6I3sQggTIPVw6zlBNhA==}

  normalize-function-arguments@https://codeload.github.com/loveencounterflow/normalize-function-arguments/tar.gz/9f908689d776ba2bfd8b4172a7a99f717ba1015f:
    resolution: {tarball: https://codeload.github.com/loveencounterflow/normalize-function-arguments/tar.gz/9f908689d776ba2bfd8b4172a7a99f717ba1015f}
    version: 0.2.1

  regex-utilities@2.3.0:
    resolution: {integrity: sha512-8VhliFJAWRaUiVvREIiW2NXXTmHs4vMNnSzuJVhscgmGav3g9VDxLrQndI3dZZVVdp0ZO/5v0xmX516/7M9cng==}

  regex@6.0.1:
    resolution: {integrity: sha512-uorlqlzAKjKQZ5P+kTJr3eeJGSVroLKoHmquUj4zHWuR+hEyNqlXsSKlYYF5F4NI6nl7tWCs0apKJ0lmfsXAPA==}

  string-width@4.2.3:
    resolution: {integrity: sha512-wKyQRQpjJ0sIp62ErSZdGsjMJWsap5oRNihHhu6G7JVO/9jIB6UyevL+tXuOqrng8j/cxKTWyWUwvSTriiZz/g==}
    engines: {node: '>=8'}

  strip-ansi@6.0.1:
    resolution: {integrity: sha512-Y38VPSHcqkFrCpFnQ9vuSXmquuv5oXOKpGeT6aGrr3o3Gc9AlVa6JBfUSOCnbxGGZF+/0ooI7KrPuUSztUdU5A==}
    engines: {node: '>=8'}

snapshots:

  '@colors/colors@1.5.0':
    optional: true

  ansi-regex@5.0.1: {}

  bricabrac-sfmodules@0.18.0:
    dependencies:
      env-paths: 3.0.0
      normalize-function-arguments: 0.1.0

  cleartype@0.0.7:
    dependencies:
      loupe: 3.2.1

  cli-table3@https://codeload.github.com/loveencounterflow/cli-table3/tar.gz/82fc220e684758e90965b8a21e941d977e207064:
    dependencies:
      string-width: 4.2.3
    optionalDependencies:
      '@colors/colors': 1.5.0

  emoji-regex@8.0.0: {}

  env-paths@3.0.0: {}

  interlex@0.13.1:
    dependencies:
      cleartype: 0.0.7
      loupe: 3.2.1
      normalize-function-arguments: 0.0.11
      regex: 6.0.1

  is-fullwidth-code-point@3.0.0: {}

  loupe@3.2.1: {}

  normalize-function-arguments@0.0.11:
    dependencies:
      loupe: 3.2.1

  normalize-function-arguments@0.1.0:
    dependencies:
      loupe: 3.2.1

  normalize-function-arguments@https://codeload.github.com/loveencounterflow/normalize-function-arguments/tar.gz/9f908689d776ba2bfd8b4172a7a99f717ba1015f:
    dependencies:
      bricabrac-sfmodules: 0.18.0
      loupe: 3.2.1

  regex-utilities@2.3.0: {}

  regex@6.0.1:
    dependencies:
      regex-utilities: 2.3.0

  string-width@4.2.3:
    dependencies:
      emoji-regex: 8.0.0
      is-fullwidth-code-point: 3.0.0
      strip-ansi: 6.0.1

  strip-ansi@6.0.1:
    dependencies:
      ansi-regex: 5.0.1
